
Microsoft Visual Studio Solution File, Format Version 12.00
# Visual Studio Version 16
VisualStudioVersion = 16.0.28803.352
MinimumVisualStudioVersion = 10.0.40219.1
Project("{FAE04EC0-301F-11D3-BF4B-00C04F79EFBC}") = "DemoPracticeChapter2Generic", "DemoPractice\DemoPracticeChapter2Generic.csproj", "{5471D3AF-C87D-42FC-8ADE-3D1017FB6AC8}"
EndProject
Global
	GlobalSection(SolutionConfigurationPlatforms) = preSolution
		Debug|Any CPU = Debug|Any CPU
		Release|Any CPU = Release|Any CPU
	EndGlobalSection
	GlobalSection(ProjectConfigurationPlatforms) = postSolution
		{5471D3AF-C87D-42FC-8ADE-3D1017FB6AC8}.Debug|Any CPU.ActiveCfg = Debug|Any CPU
		{5471D3AF-C87D-42FC-8ADE-3D1017FB6AC8}.Debug|Any CPU.Build.0 = Debug|Any CPU
		{5471D3AF-C87D-42FC-8ADE-3D1017FB6AC8}.Release|Any CPU.ActiveCfg = Release|Any CPU
		{5471D3AF-C87D-42FC-8ADE-3D1017FB6AC8}.Release|Any CPU.Build.0 = Release|Any CPU
	EndGlobalSection
	GlobalSection(SolutionProperties) = preSolution
		HideSolutionNode = FALSE
	EndGlobalSection
	GlobalSection(ExtensibilityGlobals) = postSolution
		SolutionGuid = {36654775-39AE-4E09-A1E4-78C1B3EDD3EA}
	EndGlobalSection
EndGlobal
